// !$*UTF8*$!
{
	archiveVersion = 1;
	classes = {
	};
	objectVersion = 48;
	objects = {

/* Begin PBXBuildFile section */
		10F2E10451417775961BA677 /* Pods_RealmAndCharts_example.framework in Frameworks */ = {isa = PBXBuildFile; fileRef = 2DC33C6E404687D512808FDC /* Pods_RealmAndCharts_example.framework */; };
		CC12BBB41FB9468900534799 /* AppDelegate.swift in Sources */ = {isa = PBXBuildFile; fileRef = CC12BBB31FB9468900534799 /* AppDelegate.swift */; };
		CC12BBB61FB9468900534799 /* ViewController.swift in Sources */ = {isa = PBXBuildFile; fileRef = CC12BBB51FB9468900534799 /* ViewController.swift */; };
		CC12BBB91FB9468900534799 /* Main.storyboard in Resources */ = {isa = PBXBuildFile; fileRef = CC12BBB71FB9468900534799 /* Main.storyboard */; };
		CC12BBBB1FB9468900534799 /* Assets.xcassets in Resources */ = {isa = PBXBuildFile; fileRef = CC12BBBA1FB9468900534799 /* Assets.xcassets */; };
		CC12BBBE1FB9468900534799 /* LaunchScreen.storyboard in Resources */ = {isa = PBXBuildFile; fileRef = CC12BBBC1FB9468900534799 /* LaunchScreen.storyboard */; };
/* End PBXBuildFile section */

/* Begin PBXFileReference section */
		2DC33C6E404687D512808FDC /* Pods_RealmAndCharts_example.framework */ = {isa = PBXFileReference; explicitFileType = wrapper.framework; includeInIndex = 0; path = Pods_RealmAndCharts_example.framework; sourceTree = BUILT_PRODUCTS_DIR; };
		A5D9CC7590483DC85FA40838 /* Pods-RealmAndCharts-example.debug.xcconfig */ = {isa = PBXFileReference; includeInIndex = 1; lastKnownFileType = text.xcconfig; name = "Pods-RealmAndCharts-example.debug.xcconfig"; path = "Pods/Target Support Files/Pods-RealmAndCharts-example/Pods-RealmAndCharts-example.debug.xcconfig"; sourceTree = "<group>"; };
		C9F25B95326D46C60941CBD1 /* Pods-RealmAndCharts-example.release.xcconfig */ = {isa = PBXFileReference; includeInIndex = 1; lastKnownFileType = text.xcconfig; name = "Pods-RealmAndCharts-example.release.xcconfig"; path = "Pods/Target Support Files/Pods-RealmAndCharts-example/Pods-RealmAndCharts-example.release.xcconfig"; sourceTree = "<group>"; };
		CC12BBB01FB9468900534799 /* RealmAndCharts-example.app */ = {isa = PBXFileReference; explicitFileType = wrapper.application; includeInIndex = 0; path = "RealmAndCharts-example.app"; sourceTree = BUILT_PRODUCTS_DIR; };
		CC12BBB31FB9468900534799 /* AppDelegate.swift */ = {isa = PBXFileReference; lastKnownFileType = sourcecode.swift; path = AppDelegate.swift; sourceTree = "<group>"; };
		CC12BBB51FB9468900534799 /* ViewController.swift */ = {isa = PBXFileReference; lastKnownFileType = sourcecode.swift; path = ViewController.swift; sourceTree = "<group>"; };
		CC12BBB81FB9468900534799 /* Base */ = {isa = PBXFileReference; lastKnownFileType = file.storyboard; name = Base; path = Base.lproj/Main.storyboard; sourceTree = "<group>"; };
		CC12BBBA1FB9468900534799 /* Assets.xcassets */ = {isa = PBXFileReference; lastKnownFileType = folder.assetcatalog; path = Assets.xcassets; sourceTree = "<group>"; };
		CC12BBBD1FB9468900534799 /* Base */ = {isa = PBXFileReference; lastKnownFileType = file.storyboard; name = Base; path = Base.lproj/LaunchScreen.storyboard; sourceTree = "<group>"; };
		CC12BBBF1FB9468900534799 /* Info.plist */ = {isa = PBXFileReference; lastKnownFileType = text.plist.xml; path = Info.plist; sourceTree = "<group>"; };
/* End PBXFileReference section */

/* Begin PBXFrameworksBuildPhase section */
		CC12BBAD1FB9468900534799 /* Frameworks */ = {
			isa = PBXFrameworksBuildPhase;
			buildActionMask = 2147483647;
			files = (
				10F2E10451417775961BA677 /* Pods_RealmAndCharts_example.framework in Frameworks */,
			);
			runOnlyForDeploymentPostprocessing = 0;
		};
/* End PBXFrameworksBuildPhase section */

/* Begin PBXGroup section */
		6CC38F5EB10418F1D9C5BDFD /* Frameworks */ = {
			isa = PBXGroup;
			children = (
				2DC33C6E404687D512808FDC /* Pods_RealmAndCharts_example.framework */,
			);
			name = Frameworks;
			sourceTree = "<group>";
		};
		CC12BBA71FB9468800534799 = {
			isa = PBXGroup;
			children = (
				CC12BBB21FB9468900534799 /* RealmAndCharts-example */,
				CC12BBB11FB9468900534799 /* Products */,
				ECD05A5DA593A366AD453C13 /* Pods */,
				6CC38F5EB10418F1D9C5BDFD /* Frameworks */,
			);
			sourceTree = "<group>";
		};
		CC12BBB11FB9468900534799 /* Products */ = {
			isa = PBXGroup;
			children = (
				CC12BBB01FB9468900534799 /* RealmAndCharts-example.app */,
			);
			name = Products;
			sourceTree = "<group>";
		};
		CC12BBB21FB9468900534799 /* RealmAndCharts-example */ = {
			isa = PBXGroup;
			children = (
				CC12BBB31FB9468900534799 /* AppDelegate.swift */,
				CC12BBB51FB9468900534799 /* ViewController.swift */,
				CC12BBB71FB9468900534799 /* Main.storyboard */,
				CC12BBBA1FB9468900534799 /* Assets.xcassets */,
				CC12BBBC1FB9468900534799 /* LaunchScreen.storyboard */,
				CC12BBBF1FB9468900534799 /* Info.plist */,
			);
			path = "RealmAndCharts-example";
			sourceTree = "<group>";
		};
		ECD05A5DA593A366AD453C13 /* Pods */ = {
			isa = PBXGroup;
			children = (
				A5D9CC7590483DC85FA40838 /* Pods-RealmAndCharts-example.debug.xcconfig */,
				C9F25B95326D46C60941CBD1 /* Pods-RealmAndCharts-example.release.xcconfig */,
			);
			name = Pods;
			sourceTree = "<group>";
		};
/* End PBXGroup section */

/* Begin PBXNativeTarget section */
		CC12BBAF1FB9468900534799 /* RealmAndCharts-example */ = {
			isa = PBXNativeTarget;
			buildConfigurationList = CC12BBC21FB9468900534799 /* Build configuration list for PBXNativeTarget "RealmAndCharts-example" */;
			buildPhases = (
				AA6ADF8FA9BBA636A91AA55D /* [CP] Check Pods Manifest.lock */,
				CC12BBAC1FB9468900534799 /* Sources */,
				CC12BBAD1FB9468900534799 /* Frameworks */,
				CC12BBAE1FB9468900534799 /* Resources */,
				1D6392E52F273088D11BEBB5 /* [CP] Embed Pods Frameworks */,
				5087B5B7DB1B121D9B14E8CD /* [CP] Copy Pods Resources */,
			);
			buildRules = (
			);
			dependencies = (
			);
			name = "RealmAndCharts-example";
			productName = "RealmAndCharts-example";
			productReference = CC12BBB01FB9468900534799 /* RealmAndCharts-example.app */;
			productType = "com.apple.product-type.application";
		};
/* End PBXNativeTarget section */

/* Begin PBXProject section */
		CC12BBA81FB9468800534799 /* Project object */ = {
			isa = PBXProject;
			attributes = {
				LastSwiftUpdateCheck = 0900;
				LastUpgradeCheck = 0900;
				ORGANIZATIONNAME = "Joseph Frazier";
				TargetAttributes = {
					CC12BBAF1FB9468900534799 = {
						CreatedOnToolsVersion = 9.0;
						ProvisioningStyle = Automatic;
					};
				};
			};
			buildConfigurationList = CC12BBAB1FB9468800534799 /* Build configuration list for PBXProject "RealmAndCharts-example" */;
			compatibilityVersion = "Xcode 8.0";
			developmentRegion = en;
			hasScannedForEncodings = 0;
			knownRegions = (
				en,
				Base,
			);
			mainGroup = CC12BBA71FB9468800534799;
			productRefGroup = CC12BBB11FB9468900534799 /* Products */;
			projectDirPath = "";
			projectRoot = "";
			targets = (
				CC12BBAF1FB9468900534799 /* RealmAndCharts-example */,
			);
		};
/* End PBXProject section */

/* Begin PBXResourcesBuildPhase section */
		CC12BBAE1FB9468900534799 /* Resources */ = {
			isa = PBXResourcesBuildPhase;
			buildActionMask = 2147483647;
			files = (
				CC12BBBE1FB9468900534799 /* LaunchScreen.storyboard in Resources */,
				CC12BBBB1FB9468900534799 /* Assets.xcassets in Resources */,
				CC12BBB91FB9468900534799 /* Main.storyboard in Resources */,
			);
			runOnlyForDeploymentPostprocessing = 0;
		};
/* End PBXResourcesBuildPhase section */

/* Begin PBXShellScriptBuildPhase section */
		1D6392E52F273088D11BEBB5 /* [CP] Embed Pods Frameworks */ = {
			isa = PBXShellScriptBuildPhase;
			buildActionMask = 2147483647;
			files = (
			);
			inputPaths = (
				"${SRCROOT}/Pods/Target Support Files/Pods-RealmAndCharts-example/Pods-RealmAndCharts-example-frameworks.sh",
				"${BUILT_PRODUCTS_DIR}/Charts/Charts.framework",
				"${BUILT_PRODUCTS_DIR}/Realm/Realm.framework",
				"${BUILT_PRODUCTS_DIR}/RealmSwift/RealmSwift.framework",
			);
			name = "[CP] Embed Pods Frameworks";
			outputPaths = (
				"${TARGET_BUILD_DIR}/${FRAMEWORKS_FOLDER_PATH}/Charts.framework",
				"${TARGET_BUILD_DIR}/${FRAMEWORKS_FOLDER_PATH}/Realm.framework",
				"${TARGET_BUILD_DIR}/${FRAMEWORKS_FOLDER_PATH}/RealmSwift.framework",
			);
			runOnlyForDeploymentPostprocessing = 0;
			shellPath = /bin/sh;
			shellScript = "\"${SRCROOT}/Pods/Target Support Files/Pods-RealmAndCharts-example/Pods-RealmAndCharts-example-frameworks.sh\"\n";
			showEnvVarsInLog = 0;
		};
		5087B5B7DB1B121D9B14E8CD /* [CP] Copy Pods Resources */ = {
			isa = PBXShellScriptBuildPhase;
			buildActionMask = 2147483647;
			files = (
			);
			inputPaths = (
			);
			name = "[CP] Copy Pods Resources";
			outputPaths = (
			);
			runOnlyForDeploymentPostprocessing = 0;
			shellPath = /bin/sh;
			shellScript = "\"${SRCROOT}/Pods/Target Support Files/Pods-RealmAndCharts-example/Pods-RealmAndCharts-example-resources.sh\"\n";
			showEnvVarsInLog = 0;
		};
		AA6ADF8FA9BBA636A91AA55D /* [CP] Check Pods Manifest.lock */ = {
			isa = PBXShellScriptBuildPhase;
			buildActionMask = 2147483647;
			files = (
			);
			inputPaths = (
				"${PODS_PODFILE_DIR_PATH}/Podfile.lock",
				"${PODS_ROOT}/Manifest.lock",
			);
			name = "[CP] Check Pods Manifest.lock";
			outputPaths = (
				"$(DERIVED_FILE_DIR)/Pods-RealmAndCharts-example-checkManifestLockResult.txt",
			);
			runOnlyForDeploymentPostprocessing = 0;
			shellPath = /bin/sh;
			shellScript = "diff \"${PODS_PODFILE_DIR_PATH}/Podfile.lock\" \"${PODS_ROOT}/Manifest.lock\" > /dev/null\nif [ $? != 0 ] ; then\n    # print error to STDERR\n    echo \"error: The sandbox is not in sync with the Podfile.lock. Run 'pod install' or update your CocoaPods installation.\" >&2\n    exit 1\nfi\n# This output is used by Xcode 'outputs' to avoid re-running this script phase.\necho \"SUCCESS\" > \"${SCRIPT_OUTPUT_FILE_0}\"\n";
			showEnvVarsInLog = 0;
		};
/* End PBXShellScriptBuildPhase section */

/* Begin PBXSourcesBuildPhase section */
		CC12BBAC1FB9468900534799 /* Sources */ = {
			isa = PBXSourcesBuildPhase;
			buildActionMask = 2147483647;
			files = (
				CC12BBB61FB9468900534799 /* ViewController.swift in Sources */,
				CC12BBB41FB9468900534799 /* AppDelegate.swift in Sources */,
			);
			runOnlyForDeploymentPostprocessing = 0;
		};
/* End PBXSourcesBuildPhase section */

/* Begin PBXVariantGroup section */
		CC12BBB71FB9468900534799 /* Main.storyboard */ = {
			isa = PBXVariantGroup;
			children = (
				CC12BBB81FB9468900534799 /* Base */,
			);
			name = Main.storyboard;
			sourceTree = "<group>";
		};
		CC12BBBC1FB9468900534799 /* LaunchScreen.storyboard */ = {
			isa = PBXVariantGroup;
			children = (
				CC12BBBD1FB9468900534799 /* Base */,
			);
			name = LaunchScreen.storyboard;
			sourceTree = "<group>";
		};
/* End PBXVariantGroup section */

/* Begin XCBuildConfiguration section */
		CC12BBC01FB9468900534799 /* Debug */ = {
			isa = XCBuildConfiguration;
			buildSettings = {
				ALWAYS_SEARCH_USER_PATHS = NO;
				CLANG_ANALYZER_NONNULL = YES;
				CLANG_ANALYZER_NUMBER_OBJECT_CONVERSION = YES_AGGRESSIVE;
				CLANG_CXX_LANGUAGE_STANDARD = "gnu++14";
				CLANG_CXX_LIBRARY = "libc++";
				CLANG_ENABLE_MODULES = YES;
				CLANG_ENABLE_OBJC_ARC = YES;
				CLANG_WARN_BLOCK_CAPTURE_AUTORELEASING = YES;
				CLANG_WARN_BOOL_CONVERSION = YES;
				CLANG_WARN_COMMA = YES;
				CLANG_WARN_CONSTANT_CONVERSION = YES;
				CLANG_WARN_DIRECT_OBJC_ISA_USAGE = YES_ERROR;
				CLANG_WARN_DOCUMENTATION_COMMENTS = YES;
				CLANG_WARN_EMPTY_BODY = YES;
				CLANG_WARN_ENUM_CONVERSION = YES;
				CLANG_WARN_INFINITE_RECURSION = YES;
				CLANG_WARN_INT_CONVERSION = YES;
				CLANG_WARN_NON_LITERAL_NULL_CONVERSION = YES;
				CLANG_WARN_OBJC_LITERAL_CONVERSION = YES;
				CLANG_WARN_OBJC_ROOT_CLASS = YES_ERROR;
				CLANG_WARN_RANGE_LOOP_ANALYSIS = YES;
				CLANG_WARN_STRICT_PROTOTYPES = YES;
				CLANG_WARN_SUSPICIOUS_MOVE = YES;
				CLANG_WARN_UNGUARDED_AVAILABILITY = YES_AGGRESSIVE;
				CLANG_WARN_UNREACHABLE_CODE = YES;
				CLANG_WARN__DUPLICATE_METHOD_MATCH = YES;
				CODE_SIGN_IDENTITY = "iPhone Developer";
				COPY_PHASE_STRIP = NO;
				DEBUG_INFORMATION_FORMAT = dwarf;
				ENABLE_STRICT_OBJC_MSGSEND = YES;
				ENABLE_TESTABILITY = YES;
				GCC_C_LANGUAGE_STANDARD = gnu11;
				GCC_DYNAMIC_NO_PIC = NO;
				GCC_NO_COMMON_BLOCKS = YES;
				GCC_OPTIMIZATION_LEVEL = 0;
				GCC_PREPROCESSOR_DEFINITIONS = (
					"DEBUG=1",
					"$(inherited)",
				);
				GCC_WARN_64_TO_32_BIT_CONVERSION = YES;
				GCC_WARN_ABOUT_RETURN_TYPE = YES_ERROR;
				GCC_WARN_UNDECLARED_SELECTOR = YES;
				GCC_WARN_UNINITIALIZED_AUTOS = YES_AGGRESSIVE;
				GCC_WARN_UNUSED_FUNCTION = YES;
				GCC_WARN_UNUSED_VARIABLE = YES;
				IPHONEOS_DEPLOYMENT_TARGET = 11.0;
				MTL_ENABLE_DEBUG_INFO = YES;
				ONLY_ACTIVE_ARCH = YES;
				SDKROOT = iphoneos;
				SWIFT_ACTIVE_COMPILATION_CONDITIONS = DEBUG;
				SWIFT_OPTIMIZATION_LEVEL = "-Onone";
			};
			name = Debug;
		};
		CC12BBC11FB9468900534799 /* Release */ = {
			isa = XCBuildConfiguration;
			buildSettings = {
				ALWAYS_SEARCH_USER_PATHS = NO;
				CLANG_ANALYZER_NONNULL = YES;
				CLANG_ANALYZER_NUMBER_OBJECT_CONVERSION = YES_AGGRESSIVE;
				CLANG_CXX_LANGUAGE_STANDARD = "gnu++14";
				CLANG_CXX_LIBRARY = "libc++";
				CLANG_ENABLE_MODULES = YES;
				CLANG_ENABLE_OBJC_ARC = YES;
				CLANG_WARN_BLOCK_CAPTURE_AUTORELEASING = YES;
				CLANG_WARN_BOOL_CONVERSION = YES;
				CLANG_WARN_COMMA = YES;
				CLANG_WARN_CONSTANT_CONVERSION = YES;
				CLANG_WARN_DIRECT_OBJC_ISA_USAGE = YES_ERROR;
				CLANG_WARN_DOCUMENTATION_COMMENTS = YES;
				CLANG_WARN_EMPTY_BODY = YES;
				CLANG_WARN_ENUM_CONVERSION = YES;
				CLANG_WARN_INFINITE_RECURSION = YES;
				CLANG_WARN_INT_CONVERSION = YES;
				CLANG_WARN_NON_LITERAL_NULL_CONVERSION = YES;
				CLANG_WARN_OBJC_LITERAL_CONVERSION = YES;
				CLANG_WARN_OBJC_ROOT_CLASS = YES_ERROR;
				CLANG_WARN_RANGE_LOOP_ANALYSIS = YES;
				CLANG_WARN_STRICT_PROTOTYPES = YES;
				CLANG_WARN_SUSPICIOUS_MOVE = YES;
				CLANG_WARN_UNGUARDED_AVAILABILITY = YES_AGGRESSIVE;
				CLANG_WARN_UNREACHABLE_CODE = YES;
				CLANG_WARN__DUPLICATE_METHOD_MATCH = YES;
				CODE_SIGN_IDENTITY = "iPhone Developer";
				COPY_PHASE_STRIP = NO;
				DEBUG_INFORMATION_FORMAT = "dwarf-with-dsym";
				ENABLE_NS_ASSERTIONS = NO;
				ENABLE_STRICT_OBJC_MSGSEND = YES;
				GCC_C_LANGUAGE_STANDARD = gnu11;
				GCC_NO_COMMON_BLOCKS = YES;
				GCC_WARN_64_TO_32_BIT_CONVERSION = YES;
				GCC_WARN_ABOUT_RETURN_TYPE = YES_ERROR;
				GCC_WARN_UNDECLARED_SELECTOR = YES;
				GCC_WARN_UNINITIALIZED_AUTOS = YES_AGGRESSIVE;
				GCC_WARN_UNUSED_FUNCTION = YES;
				GCC_WARN_UNUSED_VARIABLE = YES;
				IPHONEOS_DEPLOYMENT_TARGET = 11.0;
				MTL_ENABLE_DEBUG_INFO = NO;
				SDKROOT = iphoneos;
				SWIFT_OPTIMIZATION_LEVEL = "-Owholemodule";
				VALIDATE_PRODUCT = YES;
			};
			name = Release;
		};
		CC12BBC31FB9468900534799 /* Debug */ = {
			isa = XCBuildConfiguration;
			baseConfigurationReference = A5D9CC7590483DC85FA40838 /* Pods-RealmAndCharts-example.debug.xcconfig */;
			buildSettings = {
				ASSETCATALOG_COMPILER_APPICON_NAME = AppIcon;
				CODE_SIGN_STYLE = Automatic;
				INFOPLIST_FILE = "RealmAndCharts-example/Info.plist";
				LD_RUNPATH_SEARCH_PATHS = "$(inherited) @executable_path/Frameworks";
				PRODUCT_BUNDLE_IDENTIFIER = "JF.RealmAndCharts-example";
				PRODUCT_NAME = "$(TARGET_NAME)";
				SWIFT_VERSION = 4.0;
				TARGETED_DEVICE_FAMILY = "1,2";
			};
			name = Debug;
		};
		CC12BBC41FB9468900534799 /* Release */ = {
			isa = XCBuildConfiguration;
			baseConfigurationReference = C9F25B95326D46C60941CBD1 /* Pods-RealmAndCharts-example.release.xcconfig */;
			buildSettings = {
				ASSETCATALOG_COMPILER_APPICON_NAME = AppIcon;
				CODE_SIGN_STYLE = Automatic;
				INFOPLIST_FILE = "RealmAndCharts-example/Info.plist";
				LD_RUNPATH_SEARCH_PATHS = "$(inherited) @executable_path/Frameworks";
				PRODUCT_BUNDLE_IDENTIFIER = "JF.RealmAndCharts-example";
				PRODUCT_NAME = "$(TARGET_NAME)";
				SWIFT_VERSION = 4.0;
				TARGETED_DEVICE_FAMILY = "1,2";
			};
			name = Release;
		};
/* End XCBuildConfiguration section */

/* Begin XCConfigurationList section */
		CC12BBAB1FB9468800534799 /* Build configuration list for PBXProject "RealmAndCharts-example" */ = {
			isa = XCConfigurationList;
			buildConfigurations = (
				CC12BBC01FB9468900534799 /* Debug */,
				CC12BBC11FB9468900534799 /* Release */,
			);
			defaultConfigurationIsVisible = 0;
			defaultConfigurationName = Release;
		};
		CC12BBC21FB9468900534799 /* Build configuration list for PBXNativeTarget "RealmAndCharts-example" */ = {
			isa = XCConfigurationList;
			buildConfigurations = (
				CC12BBC31FB9468900534799 /* Debug */,
				CC12BBC41FB9468900534799 /* Release */,
			);
			defaultConfigurationIsVisible = 0;
			defaultConfigurationName = Release;
		};
/* End XCConfigurationList section */
	};
	rootObject = CC12BBA81FB9468800534799 /* Project object */;
}
