// !$*UTF8*$!
{
	archiveVersion = 1;
	classes = {
	};
	objectVersion = 48;
	objects = {

/* Begin PBXBuildFile section */
		CC12BB561FB930CA00534799 /* AppDelegate.swift in Sources */ = {isa = PBXBuildFile; fileRef = CC12BB551FB930CA00534799 /* AppDelegate.swift */; };
		CC12BB581FB930CA00534799 /* ViewController.swift in Sources */ = {isa = PBXBuildFile; fileRef = CC12BB571FB930CA00534799 /* ViewController.swift */; };
		CC12BB5B1FB930CA00534799 /* Main.storyboard in Resources */ = {isa = PBXBuildFile; fileRef = CC12BB591FB930CA00534799 /* Main.storyboard */; };
		CC12BB5D1FB930CA00534799 /* Assets.xcassets in Resources */ = {isa = PBXBuildFile; fileRef = CC12BB5C1FB930CA00534799 /* Assets.xcassets */; };
		CC12BB601FB930CA00534799 /* LaunchScreen.storyboard in Resources */ = {isa = PBXBuildFile; fileRef = CC12BB5E1FB930CA00534799 /* LaunchScreen.storyboard */; };
		CC12BB701FB9340600534799 /* Charts.framework in Frameworks */ = {isa = PBXBuildFile; fileRef = CC12BB6D1FB933EB00534799 /* Charts.framework */; };
		CC12BB711FB9340600534799 /* Charts.framework in Embed Frameworks */ = {isa = PBXBuildFile; fileRef = CC12BB6D1FB933EB00534799 /* Charts.framework */; settings = {ATTRIBUTES = (CodeSignOnCopy, RemoveHeadersOnCopy, ); }; };
/* End PBXBuildFile section */

/* Begin PBXContainerItemProxy section */
		CC12BB6C1FB933EB00534799 /* PBXContainerItemProxy */ = {
			isa = PBXContainerItemProxy;
			containerPortal = CC12BB671FB933EA00534799 /* Charts.xcodeproj */;
			proxyType = 2;
			remoteGlobalIDString = 65AD9E95D9ED4DC0BD73A743;
			remoteInfo = Charts;
		};
		CC12BB6E1FB933EB00534799 /* PBXContainerItemProxy */ = {
			isa = PBXContainerItemProxy;
			containerPortal = CC12BB671FB933EA00534799 /* Charts.xcodeproj */;
			proxyType = 2;
			remoteGlobalIDString = 1CBBC58C6CE1EBEE9852CE41;
			remoteInfo = ChartsTests;
		};
		CC12BB721FB9340600534799 /* PBXContainerItemProxy */ = {
			isa = PBXContainerItemProxy;
			containerPortal = CC12BB671FB933EA00534799 /* Charts.xcodeproj */;
			proxyType = 1;
			remoteGlobalIDString = A58A4ED274A941CA248EA921;
			remoteInfo = Charts;
		};
/* End PBXContainerItemProxy section */

/* Begin PBXCopyFilesBuildPhase section */
		CC12BB741FB9340600534799 /* Embed Frameworks */ = {
			isa = PBXCopyFilesBuildPhase;
			buildActionMask = 2147483647;
			dstPath = "";
			dstSubfolderSpec = 10;
			files = (
				CC12BB711FB9340600534799 /* Charts.framework in Embed Frameworks */,
			);
			name = "Embed Frameworks";
			runOnlyForDeploymentPostprocessing = 0;
		};
/* End PBXCopyFilesBuildPhase section */

/* Begin PBXFileReference section */
		CC12BB521FB930CA00534799 /* iOSCharts.app */ = {isa = PBXFileReference; explicitFileType = wrapper.application; includeInIndex = 0; path = iOSCharts.app; sourceTree = BUILT_PRODUCTS_DIR; };
		CC12BB551FB930CA00534799 /* AppDelegate.swift */ = {isa = PBXFileReference; lastKnownFileType = sourcecode.swift; path = AppDelegate.swift; sourceTree = "<group>"; };
		CC12BB571FB930CA00534799 /* ViewController.swift */ = {isa = PBXFileReference; lastKnownFileType = sourcecode.swift; path = ViewController.swift; sourceTree = "<group>"; };
		CC12BB5A1FB930CA00534799 /* Base */ = {isa = PBXFileReference; lastKnownFileType = file.storyboard; name = Base; path = Base.lproj/Main.storyboard; sourceTree = "<group>"; };
		CC12BB5C1FB930CA00534799 /* Assets.xcassets */ = {isa = PBXFileReference; lastKnownFileType = folder.assetcatalog; path = Assets.xcassets; sourceTree = "<group>"; };
		CC12BB5F1FB930CA00534799 /* Base */ = {isa = PBXFileReference; lastKnownFileType = file.storyboard; name = Base; path = Base.lproj/LaunchScreen.storyboard; sourceTree = "<group>"; };
		CC12BB611FB930CA00534799 /* Info.plist */ = {isa = PBXFileReference; lastKnownFileType = text.plist.xml; path = Info.plist; sourceTree = "<group>"; };
		CC12BB671FB933EA00534799 /* Charts.xcodeproj */ = {isa = PBXFileReference; lastKnownFileType = "wrapper.pb-project"; path = Charts.xcodeproj; sourceTree = "<group>"; };
/* End PBXFileReference section */

/* Begin PBXFrameworksBuildPhase section */
		CC12BB4F1FB930CA00534799 /* Frameworks */ = {
			isa = PBXFrameworksBuildPhase;
			buildActionMask = 2147483647;
			files = (
				CC12BB701FB9340600534799 /* Charts.framework in Frameworks */,
			);
			runOnlyForDeploymentPostprocessing = 0;
		};
/* End PBXFrameworksBuildPhase section */

/* Begin PBXGroup section */
		CC12BB491FB930CA00534799 = {
			isa = PBXGroup;
			children = (
				CC12BB671FB933EA00534799 /* Charts.xcodeproj */,
				CC12BB541FB930CA00534799 /* iOSCharts */,
				CC12BB531FB930CA00534799 /* Products */,
			);
			sourceTree = "<group>";
		};
		CC12BB531FB930CA00534799 /* Products */ = {
			isa = PBXGroup;
			children = (
				CC12BB521FB930CA00534799 /* iOSCharts.app */,
			);
			name = Products;
			sourceTree = "<group>";
		};
		CC12BB541FB930CA00534799 /* iOSCharts */ = {
			isa = PBXGroup;
			children = (
				CC12BB551FB930CA00534799 /* AppDelegate.swift */,
				CC12BB571FB930CA00534799 /* ViewController.swift */,
				CC12BB591FB930CA00534799 /* Main.storyboard */,
				CC12BB5C1FB930CA00534799 /* Assets.xcassets */,
				CC12BB5E1FB930CA00534799 /* LaunchScreen.storyboard */,
				CC12BB611FB930CA00534799 /* Info.plist */,
			);
			path = iOSCharts;
			sourceTree = "<group>";
		};
		CC12BB681FB933EA00534799 /* Products */ = {
			isa = PBXGroup;
			children = (
				CC12BB6D1FB933EB00534799 /* Charts.framework */,
				CC12BB6F1FB933EB00534799 /* ChartsTests.xctest */,
			);
			name = Products;
			sourceTree = "<group>";
		};
/* End PBXGroup section */

/* Begin PBXNativeTarget section */
		CC12BB511FB930CA00534799 /* iOSCharts */ = {
			isa = PBXNativeTarget;
			buildConfigurationList = CC12BB641FB930CA00534799 /* Build configuration list for PBXNativeTarget "iOSCharts" */;
			buildPhases = (
				CC12BB4E1FB930CA00534799 /* Sources */,
				CC12BB4F1FB930CA00534799 /* Frameworks */,
				CC12BB501FB930CA00534799 /* Resources */,
				CC12BB741FB9340600534799 /* Embed Frameworks */,
			);
			buildRules = (
			);
			dependencies = (
				CC12BB731FB9340600534799 /* PBXTargetDependency */,
			);
			name = iOSCharts;
			productName = iOSCharts;
			productReference = CC12BB521FB930CA00534799 /* iOSCharts.app */;
			productType = "com.apple.product-type.application";
		};
/* End PBXNativeTarget section */

/* Begin PBXProject section */
		CC12BB4A1FB930CA00534799 /* Project object */ = {
			isa = PBXProject;
			attributes = {
				LastSwiftUpdateCheck = 0900;
				LastUpgradeCheck = 0900;
				ORGANIZATIONNAME = "Joseph Frazier";
				TargetAttributes = {
					CC12BB511FB930CA00534799 = {
						CreatedOnToolsVersion = 9.0;
						ProvisioningStyle = Automatic;
					};
				};
			};
			buildConfigurationList = CC12BB4D1FB930CA00534799 /* Build configuration list for PBXProject "iOSCharts" */;
			compatibilityVersion = "Xcode 8.0";
			developmentRegion = en;
			hasScannedForEncodings = 0;
			knownRegions = (
				en,
				Base,
			);
			mainGroup = CC12BB491FB930CA00534799;
			productRefGroup = CC12BB531FB930CA00534799 /* Products */;
			projectDirPath = "";
			projectReferences = (
				{
					ProductGroup = CC12BB681FB933EA00534799 /* Products */;
					ProjectRef = CC12BB671FB933EA00534799 /* Charts.xcodeproj */;
				},
			);
			projectRoot = "";
			targets = (
				CC12BB511FB930CA00534799 /* iOSCharts */,
			);
		};
/* End PBXProject section */

/* Begin PBXReferenceProxy section */
		CC12BB6D1FB933EB00534799 /* Charts.framework */ = {
			isa = PBXReferenceProxy;
			fileType = wrapper.framework;
			path = Charts.framework;
			remoteRef = CC12BB6C1FB933EB00534799 /* PBXContainerItemProxy */;
			sourceTree = BUILT_PRODUCTS_DIR;
		};
		CC12BB6F1FB933EB00534799 /* ChartsTests.xctest */ = {
			isa = PBXReferenceProxy;
			fileType = wrapper.cfbundle;
			path = ChartsTests.xctest;
			remoteRef = CC12BB6E1FB933EB00534799 /* PBXContainerItemProxy */;
			sourceTree = BUILT_PRODUCTS_DIR;
		};
/* End PBXReferenceProxy section */

/* Begin PBXResourcesBuildPhase section */
		CC12BB501FB930CA00534799 /* Resources */ = {
			isa = PBXResourcesBuildPhase;
			buildActionMask = 2147483647;
			files = (
				CC12BB601FB930CA00534799 /* LaunchScreen.storyboard in Resources */,
				CC12BB5D1FB930CA00534799 /* Assets.xcassets in Resources */,
				CC12BB5B1FB930CA00534799 /* Main.storyboard in Resources */,
			);
			runOnlyForDeploymentPostprocessing = 0;
		};
/* End PBXResourcesBuildPhase section */

/* Begin PBXSourcesBuildPhase section */
		CC12BB4E1FB930CA00534799 /* Sources */ = {
			isa = PBXSourcesBuildPhase;
			buildActionMask = 2147483647;
			files = (
				CC12BB581FB930CA00534799 /* ViewController.swift in Sources */,
				CC12BB561FB930CA00534799 /* AppDelegate.swift in Sources */,
			);
			runOnlyForDeploymentPostprocessing = 0;
		};
/* End PBXSourcesBuildPhase section */

/* Begin PBXTargetDependency section */
		CC12BB731FB9340600534799 /* PBXTargetDependency */ = {
			isa = PBXTargetDependency;
			name = Charts;
			targetProxy = CC12BB721FB9340600534799 /* PBXContainerItemProxy */;
		};
/* End PBXTargetDependency section */

/* Begin PBXVariantGroup section */
		CC12BB591FB930CA00534799 /* Main.storyboard */ = {
			isa = PBXVariantGroup;
			children = (
				CC12BB5A1FB930CA00534799 /* Base */,
			);
			name = Main.storyboard;
			sourceTree = "<group>";
		};
		CC12BB5E1FB930CA00534799 /* LaunchScreen.storyboard */ = {
			isa = PBXVariantGroup;
			children = (
				CC12BB5F1FB930CA00534799 /* Base */,
			);
			name = LaunchScreen.storyboard;
			sourceTree = "<group>";
		};
/* End PBXVariantGroup section */

/* Begin XCBuildConfiguration section */
		CC12BB621FB930CA00534799 /* Debug */ = {
			isa = XCBuildConfiguration;
			buildSettings = {
				ALWAYS_SEARCH_USER_PATHS = NO;
				CLANG_ANALYZER_NONNULL = YES;
				CLANG_ANALYZER_NUMBER_OBJECT_CONVERSION = YES_AGGRESSIVE;
				CLANG_CXX_LANGUAGE_STANDARD = "gnu++14";
				CLANG_CXX_LIBRARY = "libc++";
				CLANG_ENABLE_MODULES = YES;
				CLANG_ENABLE_OBJC_ARC = YES;
				CLANG_WARN_BLOCK_CAPTURE_AUTORELEASING = YES;
				CLANG_WARN_BOOL_CONVERSION = YES;
				CLANG_WARN_COMMA = YES;
				CLANG_WARN_CONSTANT_CONVERSION = YES;
				CLANG_WARN_DIRECT_OBJC_ISA_USAGE = YES_ERROR;
				CLANG_WARN_DOCUMENTATION_COMMENTS = YES;
				CLANG_WARN_EMPTY_BODY = YES;
				CLANG_WARN_ENUM_CONVERSION = YES;
				CLANG_WARN_INFINITE_RECURSION = YES;
				CLANG_WARN_INT_CONVERSION = YES;
				CLANG_WARN_NON_LITERAL_NULL_CONVERSION = YES;
				CLANG_WARN_OBJC_LITERAL_CONVERSION = YES;
				CLANG_WARN_OBJC_ROOT_CLASS = YES_ERROR;
				CLANG_WARN_RANGE_LOOP_ANALYSIS = YES;
				CLANG_WARN_STRICT_PROTOTYPES = YES;
				CLANG_WARN_SUSPICIOUS_MOVE = YES;
				CLANG_WARN_UNGUARDED_AVAILABILITY = YES_AGGRESSIVE;
				CLANG_WARN_UNREACHABLE_CODE = YES;
				CLANG_WARN__DUPLICATE_METHOD_MATCH = YES;
				CODE_SIGN_IDENTITY = "iPhone Developer";
				COPY_PHASE_STRIP = NO;
				DEBUG_INFORMATION_FORMAT = dwarf;
				ENABLE_STRICT_OBJC_MSGSEND = YES;
				ENABLE_TESTABILITY = YES;
				GCC_C_LANGUAGE_STANDARD = gnu11;
				GCC_DYNAMIC_NO_PIC = NO;
				GCC_NO_COMMON_BLOCKS = YES;
				GCC_OPTIMIZATION_LEVEL = 0;
				GCC_PREPROCESSOR_DEFINITIONS = (
					"DEBUG=1",
					"$(inherited)",
				);
				GCC_WARN_64_TO_32_BIT_CONVERSION = YES;
				GCC_WARN_ABOUT_RETURN_TYPE = YES_ERROR;
				GCC_WARN_UNDECLARED_SELECTOR = YES;
				GCC_WARN_UNINITIALIZED_AUTOS = YES_AGGRESSIVE;
				GCC_WARN_UNUSED_FUNCTION = YES;
				GCC_WARN_UNUSED_VARIABLE = YES;
				IPHONEOS_DEPLOYMENT_TARGET = 11.0;
				MTL_ENABLE_DEBUG_INFO = YES;
				ONLY_ACTIVE_ARCH = YES;
				SDKROOT = iphoneos;
				SWIFT_ACTIVE_COMPILATION_CONDITIONS = DEBUG;
				SWIFT_OPTIMIZATION_LEVEL = "-Onone";
			};
			name = Debug;
		};
		CC12BB631FB930CA00534799 /* Release */ = {
			isa = XCBuildConfiguration;
			buildSettings = {
				ALWAYS_SEARCH_USER_PATHS = NO;
				CLANG_ANALYZER_NONNULL = YES;
				CLANG_ANALYZER_NUMBER_OBJECT_CONVERSION = YES_AGGRESSIVE;
				CLANG_CXX_LANGUAGE_STANDARD = "gnu++14";
				CLANG_CXX_LIBRARY = "libc++";
				CLANG_ENABLE_MODULES = YES;
				CLANG_ENABLE_OBJC_ARC = YES;
				CLANG_WARN_BLOCK_CAPTURE_AUTORELEASING = YES;
				CLANG_WARN_BOOL_CONVERSION = YES;
				CLANG_WARN_COMMA = YES;
				CLANG_WARN_CONSTANT_CONVERSION = YES;
				CLANG_WARN_DIRECT_OBJC_ISA_USAGE = YES_ERROR;
				CLANG_WARN_DOCUMENTATION_COMMENTS = YES;
				CLANG_WARN_EMPTY_BODY = YES;
				CLANG_WARN_ENUM_CONVERSION = YES;
				CLANG_WARN_INFINITE_RECURSION = YES;
				CLANG_WARN_INT_CONVERSION = YES;
				CLANG_WARN_NON_LITERAL_NULL_CONVERSION = YES;
				CLANG_WARN_OBJC_LITERAL_CONVERSION = YES;
				CLANG_WARN_OBJC_ROOT_CLASS = YES_ERROR;
				CLANG_WARN_RANGE_LOOP_ANALYSIS = YES;
				CLANG_WARN_STRICT_PROTOTYPES = YES;
				CLANG_WARN_SUSPICIOUS_MOVE = YES;
				CLANG_WARN_UNGUARDED_AVAILABILITY = YES_AGGRESSIVE;
				CLANG_WARN_UNREACHABLE_CODE = YES;
				CLANG_WARN__DUPLICATE_METHOD_MATCH = YES;
				CODE_SIGN_IDENTITY = "iPhone Developer";
				COPY_PHASE_STRIP = NO;
				DEBUG_INFORMATION_FORMAT = "dwarf-with-dsym";
				ENABLE_NS_ASSERTIONS = NO;
				ENABLE_STRICT_OBJC_MSGSEND = YES;
				GCC_C_LANGUAGE_STANDARD = gnu11;
				GCC_NO_COMMON_BLOCKS = YES;
				GCC_WARN_64_TO_32_BIT_CONVERSION = YES;
				GCC_WARN_ABOUT_RETURN_TYPE = YES_ERROR;
				GCC_WARN_UNDECLARED_SELECTOR = YES;
				GCC_WARN_UNINITIALIZED_AUTOS = YES_AGGRESSIVE;
				GCC_WARN_UNUSED_FUNCTION = YES;
				GCC_WARN_UNUSED_VARIABLE = YES;
				IPHONEOS_DEPLOYMENT_TARGET = 11.0;
				MTL_ENABLE_DEBUG_INFO = NO;
				SDKROOT = iphoneos;
				SWIFT_OPTIMIZATION_LEVEL = "-Owholemodule";
				VALIDATE_PRODUCT = YES;
			};
			name = Release;
		};
		CC12BB651FB930CA00534799 /* Debug */ = {
			isa = XCBuildConfiguration;
			buildSettings = {
				ALWAYS_EMBED_SWIFT_STANDARD_LIBRARIES = YES;
				ASSETCATALOG_COMPILER_APPICON_NAME = AppIcon;
				CODE_SIGN_STYLE = Automatic;
				INFOPLIST_FILE = iOSCharts/Info.plist;
				LD_RUNPATH_SEARCH_PATHS = "$(inherited) @executable_path/Frameworks";
				PRODUCT_BUNDLE_IDENTIFIER = JF.iOSCharts;
				PRODUCT_NAME = "$(TARGET_NAME)";
				SWIFT_VERSION = 4.0;
				TARGETED_DEVICE_FAMILY = "1,2";
			};
			name = Debug;
		};
		CC12BB661FB930CA00534799 /* Release */ = {
			isa = XCBuildConfiguration;
			buildSettings = {
				ALWAYS_EMBED_SWIFT_STANDARD_LIBRARIES = YES;
				ASSETCATALOG_COMPILER_APPICON_NAME = AppIcon;
				CODE_SIGN_STYLE = Automatic;
				INFOPLIST_FILE = iOSCharts/Info.plist;
				LD_RUNPATH_SEARCH_PATHS = "$(inherited) @executable_path/Frameworks";
				PRODUCT_BUNDLE_IDENTIFIER = JF.iOSCharts;
				PRODUCT_NAME = "$(TARGET_NAME)";
				SWIFT_VERSION = 4.0;
				TARGETED_DEVICE_FAMILY = "1,2";
			};
			name = Release;
		};
/* End XCBuildConfiguration section */

/* Begin XCConfigurationList section */
		CC12BB4D1FB930CA00534799 /* Build configuration list for PBXProject "iOSCharts" */ = {
			isa = XCConfigurationList;
			buildConfigurations = (
				CC12BB621FB930CA00534799 /* Debug */,
				CC12BB631FB930CA00534799 /* Release */,
			);
			defaultConfigurationIsVisible = 0;
			defaultConfigurationName = Release;
		};
		CC12BB641FB930CA00534799 /* Build configuration list for PBXNativeTarget "iOSCharts" */ = {
			isa = XCConfigurationList;
			buildConfigurations = (
				CC12BB651FB930CA00534799 /* Debug */,
				CC12BB661FB930CA00534799 /* Release */,
			);
			defaultConfigurationIsVisible = 0;
			defaultConfigurationName = Release;
		};
/* End XCConfigurationList section */
	};
	rootObject = CC12BB4A1FB930CA00534799 /* Project object */;
}
